// !$*UTF8*$!
{
	archiveVersion = 1;
	classes = {
	};
	objectVersion = 55;
	objects = {

/* Begin PBXBuildFile section */
		E42614B8281FEA9000E5D7A8 /* AppDelegate.swift in Sources */ = {isa = PBXBuildFile; fileRef = E42614B7281FEA9000E5D7A8 /* AppDelegate.swift */; };
		E42614BA281FEA9000E5D7A8 /* SceneDelegate.swift in Sources */ = {isa = PBXBuildFile; fileRef = E42614B9281FEA9000E5D7A8 /* SceneDelegate.swift */; };
		E42614BC281FEA9000E5D7A8 /* ViewController.swift in Sources */ = {isa = PBXBuildFile; fileRef = E42614BB281FEA9000E5D7A8 /* ViewController.swift */; };
		E42614BF281FEA9000E5D7A8 /* Main.storyboard in Resources */ = {isa = PBXBuildFile; fileRef = E42614BD281FEA9000E5D7A8 /* Main.storyboard */; };
		E42614C1281FEA9100E5D7A8 /* Assets.xcassets in Resources */ = {isa = PBXBuildFile; fileRef = E42614C0281FEA9100E5D7A8 /* Assets.xcassets */; };
		E42614C4281FEA9100E5D7A8 /* LaunchScreen.storyboard in Resources */ = {isa = PBXBuildFile; fileRef = E42614C2281FEA9100E5D7A8 /* LaunchScreen.storyboard */; };
		E42614CC281FEED200E5D7A8 /* SuguePushViewController.swift in Sources */ = {isa = PBXBuildFile; fileRef = E42614CB281FEED200E5D7A8 /* SuguePushViewController.swift */; };
		E42614CE281FF12400E5D7A8 /* SuguePresentViewController.swift in Sources */ = {isa = PBXBuildFile; fileRef = E42614CD281FF12400E5D7A8 /* SuguePresentViewController.swift */; };
		E42614D028200C5600E5D7A8 /* CodePushViewController.swift in Sources */ = {isa = PBXBuildFile; fileRef = E42614CF28200C5600E5D7A8 /* CodePushViewController.swift */; };
		E42614D228214A7C00E5D7A8 /* CodePresnetViewController.swift in Sources */ = {isa = PBXBuildFile; fileRef = E42614D128214A7C00E5D7A8 /* CodePresnetViewController.swift */; };
/* End PBXBuildFile section */

/* Begin PBXFileReference section */
		E42614B4281FEA9000E5D7A8 /* ScreenTransitionExample.app */ = {isa = PBXFileReference; explicitFileType = wrapper.application; includeInIndex = 0; path = ScreenTransitionExample.app; sourceTree = BUILT_PRODUCTS_DIR; };
		E42614B7281FEA9000E5D7A8 /* AppDelegate.swift */ = {isa = PBXFileReference; lastKnownFileType = sourcecode.swift; path = AppDelegate.swift; sourceTree = "<group>"; };
		E42614B9281FEA9000E5D7A8 /* SceneDelegate.swift */ = {isa = PBXFileReference; lastKnownFileType = sourcecode.swift; path = SceneDelegate.swift; sourceTree = "<group>"; };
		E42614BB281FEA9000E5D7A8 /* ViewController.swift */ = {isa = PBXFileReference; lastKnownFileType = sourcecode.swift; path = ViewController.swift; sourceTree = "<group>"; };
		E42614BE281FEA9000E5D7A8 /* Base */ = {isa = PBXFileReference; lastKnownFileType = file.storyboard; name = Base; path = Base.lproj/Main.storyboard; sourceTree = "<group>"; };
		E42614C0281FEA9100E5D7A8 /* Assets.xcassets */ = {isa = PBXFileReference; lastKnownFileType = folder.assetcatalog; path = Assets.xcassets; sourceTree = "<group>"; };
		E42614C3281FEA9100E5D7A8 /* Base */ = {isa = PBXFileReference; lastKnownFileType = file.storyboard; name = Base; path = Base.lproj/LaunchScreen.storyboard; sourceTree = "<group>"; };
		E42614C5281FEA9100E5D7A8 /* Info.plist */ = {isa = PBXFileReference; lastKnownFileType = text.plist.xml; path = Info.plist; sourceTree = "<group>"; };
		E42614CB281FEED200E5D7A8 /* SuguePushViewController.swift */ = {isa = PBXFileReference; lastKnownFileType = sourcecode.swift; path = SuguePushViewController.swift; sourceTree = "<group>"; };
		E42614CD281FF12400E5D7A8 /* SuguePresentViewController.swift */ = {isa = PBXFileReference; lastKnownFileType = sourcecode.swift; path = SuguePresentViewController.swift; sourceTree = "<group>"; };
		E42614CF28200C5600E5D7A8 /* CodePushViewController.swift */ = {isa = PBXFileReference; lastKnownFileType = sourcecode.swift; path = CodePushViewController.swift; sourceTree = "<group>"; };
		E42614D128214A7C00E5D7A8 /* CodePresnetViewController.swift */ = {isa = PBXFileReference; lastKnownFileType = sourcecode.swift; path = CodePresnetViewController.swift; sourceTree = "<group>"; };
/* End PBXFileReference section */

/* Begin PBXFrameworksBuildPhase section */
		E42614B1281FEA9000E5D7A8 /* Frameworks */ = {
			isa = PBXFrameworksBuildPhase;
			buildActionMask = 2147483647;
			files = (
			);
			runOnlyForDeploymentPostprocessing = 0;
		};
/* End PBXFrameworksBuildPhase section */

/* Begin PBXGroup section */
		E42614AB281FEA9000E5D7A8 = {
			isa = PBXGroup;
			children = (
				E42614D128214A7C00E5D7A8 /* CodePresnetViewController.swift */,
				E42614B6281FEA9000E5D7A8 /* ScreenTransitionExample */,
				E42614B5281FEA9000E5D7A8 /* Products */,
			);
			sourceTree = "<group>";
		};
		E42614B5281FEA9000E5D7A8 /* Products */ = {
			isa = PBXGroup;
			children = (
				E42614B4281FEA9000E5D7A8 /* ScreenTransitionExample.app */,
			);
			name = Products;
			sourceTree = "<group>";
		};
		E42614B6281FEA9000E5D7A8 /* ScreenTransitionExample */ = {
			isa = PBXGroup;
			children = (
				E42614B7281FEA9000E5D7A8 /* AppDelegate.swift */,
				E42614B9281FEA9000E5D7A8 /* SceneDelegate.swift */,
				E42614BB281FEA9000E5D7A8 /* ViewController.swift */,
				E42614BD281FEA9000E5D7A8 /* Main.storyboard */,
				E42614C0281FEA9100E5D7A8 /* Assets.xcassets */,
				E42614C2281FEA9100E5D7A8 /* LaunchScreen.storyboard */,
				E42614C5281FEA9100E5D7A8 /* Info.plist */,
				E42614CB281FEED200E5D7A8 /* SuguePushViewController.swift */,
				E42614CD281FF12400E5D7A8 /* SuguePresentViewController.swift */,
				E42614CF28200C5600E5D7A8 /* CodePushViewController.swift */,
			);
			path = ScreenTransitionExample;
			sourceTree = "<group>";
		};
/* End PBXGroup section */

/* Begin PBXNativeTarget section */
		E42614B3281FEA9000E5D7A8 /* ScreenTransitionExample */ = {
			isa = PBXNativeTarget;
			buildConfigurationList = E42614C8281FEA9100E5D7A8 /* Build configuration list for PBXNativeTarget "ScreenTransitionExample" */;
			buildPhases = (
				E42614B0281FEA9000E5D7A8 /* Sources */,
				E42614B1281FEA9000E5D7A8 /* Frameworks */,
				E42614B2281FEA9000E5D7A8 /* Resources */,
			);
			buildRules = (
			);
			dependencies = (
			);
			name = ScreenTransitionExample;
			productName = ScreenTransitionExample;
			productReference = E42614B4281FEA9000E5D7A8 /* ScreenTransitionExample.app */;
			productType = "com.apple.product-type.application";
		};
/* End PBXNativeTarget section */

/* Begin PBXProject section */
		E42614AC281FEA9000E5D7A8 /* Project object */ = {
			isa = PBXProject;
			attributes = {
				BuildIndependentTargetsInParallel = 1;
				LastSwiftUpdateCheck = 1330;
				LastUpgradeCheck = 1330;
				TargetAttributes = {
					E42614B3281FEA9000E5D7A8 = {
						CreatedOnToolsVersion = 13.3.1;
					};
				};
			};
			buildConfigurationList = E42614AF281FEA9000E5D7A8 /* Build configuration list for PBXProject "ScreenTransitionExample" */;
			compatibilityVersion = "Xcode 13.0";
			developmentRegion = en;
			hasScannedForEncodings = 0;
			knownRegions = (
				en,
				Base,
			);
			mainGroup = E42614AB281FEA9000E5D7A8;
			productRefGroup = E42614B5281FEA9000E5D7A8 /* Products */;
			projectDirPath = "";
			projectRoot = "";
			targets = (
				E42614B3281FEA9000E5D7A8 /* ScreenTransitionExample */,
			);
		};
/* End PBXProject section */

/* Begin PBXResourcesBuildPhase section */
		E42614B2281FEA9000E5D7A8 /* Resources */ = {
			isa = PBXResourcesBuildPhase;
			buildActionMask = 2147483647;
			files = (
				E42614C4281FEA9100E5D7A8 /* LaunchScreen.storyboard in Resources */,
				E42614C1281FEA9100E5D7A8 /* Assets.xcassets in Resources */,
				E42614BF281FEA9000E5D7A8 /* Main.storyboard in Resources */,
			);
			runOnlyForDeploymentPostprocessing = 0;
		};
/* End PBXResourcesBuildPhase section */

/* Begin PBXSourcesBuildPhase section */
		E42614B0281FEA9000E5D7A8 /* Sources */ = {
			isa = PBXSourcesBuildPhase;
			buildActionMask = 2147483647;
			files = (
				E42614CE281FF12400E5D7A8 /* SuguePresentViewController.swift in Sources */,
				E42614D228214A7C00E5D7A8 /* CodePresnetViewController.swift in Sources */,
				E42614D028200C5600E5D7A8 /* CodePushViewController.swift in Sources */,
				E42614CC281FEED200E5D7A8 /* SuguePushViewController.swift in Sources */,
				E42614BC281FEA9000E5D7A8 /* ViewController.swift in Sources */,
				E42614B8281FEA9000E5D7A8 /* AppDelegate.swift in Sources */,
				E42614BA281FEA9000E5D7A8 /* SceneDelegate.swift in Sources */,
			);
			runOnlyForDeploymentPostprocessing = 0;
		};
/* End PBXSourcesBuildPhase section */

/* Begin PBXVariantGroup section */
		E42614BD281FEA9000E5D7A8 /* Main.storyboard */ = {
			isa = PBXVariantGroup;
			children = (
				E42614BE281FEA9000E5D7A8 /* Base */,
			);
			name = Main.storyboard;
			sourceTree = "<group>";
		};
		E42614C2281FEA9100E5D7A8 /* LaunchScreen.storyboard */ = {
			isa = PBXVariantGroup;
			children = (
				E42614C3281FEA9100E5D7A8 /* Base */,
			);
			name = LaunchScreen.storyboard;
			sourceTree = "<group>";
		};
/* End PBXVariantGroup section */

/* Begin XCBuildConfiguration section */
		E42614C6281FEA9100E5D7A8 /* Debug */ = {
			isa = XCBuildConfiguration;
			buildSettings = {
				ALWAYS_SEARCH_USER_PATHS = NO;
				CLANG_ANALYZER_NONNULL = YES;
				CLANG_ANALYZER_NUMBER_OBJECT_CONVERSION = YES_AGGRESSIVE;
				CLANG_CXX_LANGUAGE_STANDARD = "gnu++17";
				CLANG_ENABLE_MODULES = YES;
				CLANG_ENABLE_OBJC_ARC = YES;
				CLANG_ENABLE_OBJC_WEAK = YES;
				CLANG_WARN_BLOCK_CAPTURE_AUTORELEASING = YES;
				CLANG_WARN_BOOL_CONVERSION = YES;
				CLANG_WARN_COMMA = YES;
				CLANG_WARN_CONSTANT_CONVERSION = YES;
				CLANG_WARN_DEPRECATED_OBJC_IMPLEMENTATIONS = YES;
				CLANG_WARN_DIRECT_OBJC_ISA_USAGE = YES_ERROR;
				CLANG_WARN_DOCUMENTATION_COMMENTS = YES;
				CLANG_WARN_EMPTY_BODY = YES;
				CLANG_WARN_ENUM_CONVERSION = YES;
				CLANG_WARN_INFINITE_RECURSION = YES;
				CLANG_WARN_INT_CONVERSION = YES;
				CLANG_WARN_NON_LITERAL_NULL_CONVERSION = YES;
				CLANG_WARN_OBJC_IMPLICIT_RETAIN_SELF = YES;
				CLANG_WARN_OBJC_LITERAL_CONVERSION = YES;
				CLANG_WARN_OBJC_ROOT_CLASS = YES_ERROR;
				CLANG_WARN_QUOTED_INCLUDE_IN_FRAMEWORK_HEADER = YES;
				CLANG_WARN_RANGE_LOOP_ANALYSIS = YES;
				CLANG_WARN_STRICT_PROTOTYPES = YES;
				CLANG_WARN_SUSPICIOUS_MOVE = YES;
				CLANG_WARN_UNGUARDED_AVAILABILITY = YES_AGGRESSIVE;
				CLANG_WARN_UNREACHABLE_CODE = YES;
				CLANG_WARN__DUPLICATE_METHOD_MATCH = YES;
				COPY_PHASE_STRIP = NO;
				DEBUG_INFORMATION_FORMAT = dwarf;
				ENABLE_STRICT_OBJC_MSGSEND = YES;
				ENABLE_TESTABILITY = YES;
				GCC_C_LANGUAGE_STANDARD = gnu11;
				GCC_DYNAMIC_NO_PIC = NO;
				GCC_NO_COMMON_BLOCKS = YES;
				GCC_OPTIMIZATION_LEVEL = 0;
				GCC_PREPROCESSOR_DEFINITIONS = (
					"DEBUG=1",
					"$(inherited)",
				);
				GCC_WARN_64_TO_32_BIT_CONVERSION = YES;
				GCC_WARN_ABOUT_RETURN_TYPE = YES_ERROR;
				GCC_WARN_UNDECLARED_SELECTOR = YES;
				GCC_WARN_UNINITIALIZED_AUTOS = YES_AGGRESSIVE;
				GCC_WARN_UNUSED_FUNCTION = YES;
				GCC_WARN_UNUSED_VARIABLE = YES;
				IPHONEOS_DEPLOYMENT_TARGET = 15.4;
				MTL_ENABLE_DEBUG_INFO = INCLUDE_SOURCE;
				MTL_FAST_MATH = YES;
				ONLY_ACTIVE_ARCH = YES;
				SDKROOT = iphoneos;
				SWIFT_ACTIVE_COMPILATION_CONDITIONS = DEBUG;
				SWIFT_OPTIMIZATION_LEVEL = "-Onone";
			};
			name = Debug;
		};
		E42614C7281FEA9100E5D7A8 /* Release */ = {
			isa = XCBuildConfiguration;
			buildSettings = {
				ALWAYS_SEARCH_USER_PATHS = NO;
				CLANG_ANALYZER_NONNULL = YES;
				CLANG_ANALYZER_NUMBER_OBJECT_CONVERSION = YES_AGGRESSIVE;
				CLANG_CXX_LANGUAGE_STANDARD = "gnu++17";
				CLANG_ENABLE_MODULES = YES;
				CLANG_ENABLE_OBJC_ARC = YES;
				CLANG_ENABLE_OBJC_WEAK = YES;
				CLANG_WARN_BLOCK_CAPTURE_AUTORELEASING = YES;
				CLANG_WARN_BOOL_CONVERSION = YES;
				CLANG_WARN_COMMA = YES;
				CLANG_WARN_CONSTANT_CONVERSION = YES;
				CLANG_WARN_DEPRECATED_OBJC_IMPLEMENTATIONS = YES;
				CLANG_WARN_DIRECT_OBJC_ISA_USAGE = YES_ERROR;
				CLANG_WARN_DOCUMENTATION_COMMENTS = YES;
				CLANG_WARN_EMPTY_BODY = YES;
				CLANG_WARN_ENUM_CONVERSION = YES;
				CLANG_WARN_INFINITE_RECURSION = YES;
				CLANG_WARN_INT_CONVERSION = YES;
				CLANG_WARN_NON_LITERAL_NULL_CONVERSION = YES;
				CLANG_WARN_OBJC_IMPLICIT_RETAIN_SELF = YES;
				CLANG_WARN_OBJC_LITERAL_CONVERSION = YES;
				CLANG_WARN_OBJC_ROOT_CLASS = YES_ERROR;
				CLANG_WARN_QUOTED_INCLUDE_IN_FRAMEWORK_HEADER = YES;
				CLANG_WARN_RANGE_LOOP_ANALYSIS = YES;
				CLANG_WARN_STRICT_PROTOTYPES = YES;
				CLANG_WARN_SUSPICIOUS_MOVE = YES;
				CLANG_WARN_UNGUARDED_AVAILABILITY = YES_AGGRESSIVE;
				CLANG_WARN_UNREACHABLE_CODE = YES;
				CLANG_WARN__DUPLICATE_METHOD_MATCH = YES;
				COPY_PHASE_STRIP = NO;
				DEBUG_INFORMATION_FORMAT = "dwarf-with-dsym";
				ENABLE_NS_ASSERTIONS = NO;
				ENABLE_STRICT_OBJC_MSGSEND = YES;
				GCC_C_LANGUAGE_STANDARD = gnu11;
				GCC_NO_COMMON_BLOCKS = YES;
				GCC_WARN_64_TO_32_BIT_CONVERSION = YES;
				GCC_WARN_ABOUT_RETURN_TYPE = YES_ERROR;
				GCC_WARN_UNDECLARED_SELECTOR = YES;
				GCC_WARN_UNINITIALIZED_AUTOS = YES_AGGRESSIVE;
				GCC_WARN_UNUSED_FUNCTION = YES;
				GCC_WARN_UNUSED_VARIABLE = YES;
				IPHONEOS_DEPLOYMENT_TARGET = 15.4;
				MTL_ENABLE_DEBUG_INFO = NO;
				MTL_FAST_MATH = YES;
				SDKROOT = iphoneos;
				SWIFT_COMPILATION_MODE = wholemodule;
				SWIFT_OPTIMIZATION_LEVEL = "-O";
				VALIDATE_PRODUCT = YES;
			};
			name = Release;
		};
		E42614C9281FEA9100E5D7A8 /* Debug */ = {
			isa = XCBuildConfiguration;
			buildSettings = {
				ASSETCATALOG_COMPILER_APPICON_NAME = AppIcon;
				ASSETCATALOG_COMPILER_GLOBAL_ACCENT_COLOR_NAME = AccentColor;
				CODE_SIGN_STYLE = Automatic;
				CURRENT_PROJECT_VERSION = 1;
				DEVELOPMENT_TEAM = Q45H5LWRR7;
				GENERATE_INFOPLIST_FILE = YES;
				INFOPLIST_FILE = ScreenTransitionExample/Info.plist;
				INFOPLIST_KEY_UIApplicationSupportsIndirectInputEvents = YES;
				INFOPLIST_KEY_UILaunchStoryboardName = LaunchScreen;
				INFOPLIST_KEY_UIMainStoryboardFile = Main;
				INFOPLIST_KEY_UISupportedInterfaceOrientations_iPad = "UIInterfaceOrientationPortrait UIInterfaceOrientationPortraitUpsideDown UIInterfaceOrientationLandscapeLeft UIInterfaceOrientationLandscapeRight";
				INFOPLIST_KEY_UISupportedInterfaceOrientations_iPhone = "UIInterfaceOrientationPortrait UIInterfaceOrientationLandscapeLeft UIInterfaceOrientationLandscapeRight";
				LD_RUNPATH_SEARCH_PATHS = (
					"$(inherited)",
					"@executable_path/Frameworks",
				);
				MARKETING_VERSION = 1.0;
				PRODUCT_BUNDLE_IDENTIFIER = com.company.ScreenTransitionExample;
				PRODUCT_NAME = "$(TARGET_NAME)";
				SWIFT_EMIT_LOC_STRINGS = YES;
				SWIFT_VERSION = 5.0;
				TARGETED_DEVICE_FAMILY = "1,2";
			};
			name = Debug;
		};
		E42614CA281FEA9100E5D7A8 /* Release */ = {
			isa = XCBuildConfiguration;
			buildSettings = {
				ASSETCATALOG_COMPILER_APPICON_NAME = AppIcon;
				ASSETCATALOG_COMPILER_GLOBAL_ACCENT_COLOR_NAME = AccentColor;
				CODE_SIGN_STYLE = Automatic;
				CURRENT_PROJECT_VERSION = 1;
				DEVELOPMENT_TEAM = Q45H5LWRR7;
				GENERATE_INFOPLIST_FILE = YES;
				INFOPLIST_FILE = ScreenTransitionExample/Info.plist;
				INFOPLIST_KEY_UIApplicationSupportsIndirectInputEvents = YES;
				INFOPLIST_KEY_UILaunchStoryboardName = LaunchScreen;
				INFOPLIST_KEY_UIMainStoryboardFile = Main;
				INFOPLIST_KEY_UISupportedInterfaceOrientations_iPad = "UIInterfaceOrientationPortrait UIInterfaceOrientationPortraitUpsideDown UIInterfaceOrientationLandscapeLeft UIInterfaceOrientationLandscapeRight";
				INFOPLIST_KEY_UISupportedInterfaceOrientations_iPhone = "UIInterfaceOrientationPortrait UIInterfaceOrientationLandscapeLeft UIInterfaceOrientationLandscapeRight";
				LD_RUNPATH_SEARCH_PATHS = (
					"$(inherited)",
					"@executable_path/Frameworks",
				);
				MARKETING_VERSION = 1.0;
				PRODUCT_BUNDLE_IDENTIFIER = com.company.ScreenTransitionExample;
				PRODUCT_NAME = "$(TARGET_NAME)";
				SWIFT_EMIT_LOC_STRINGS = YES;
				SWIFT_VERSION = 5.0;
				TARGETED_DEVICE_FAMILY = "1,2";
			};
			name = Release;
		};
/* End XCBuildConfiguration section */

/* Begin XCConfigurationList section */
		E42614AF281FEA9000E5D7A8 /* Build configuration list for PBXProject "ScreenTransitionExample" */ = {
			isa = XCConfigurationList;
			buildConfigurations = (
				E42614C6281FEA9100E5D7A8 /* Debug */,
				E42614C7281FEA9100E5D7A8 /* Release */,
			);
			defaultConfigurationIsVisible = 0;
			defaultConfigurationName = Release;
		};
		E42614C8281FEA9100E5D7A8 /* Build configuration list for PBXNativeTarget "ScreenTransitionExample" */ = {
			isa = XCConfigurationList;
			buildConfigurations = (
				E42614C9281FEA9100E5D7A8 /* Debug */,
				E42614CA281FEA9100E5D7A8 /* Release */,
			);
			defaultConfigurationIsVisible = 0;
			defaultConfigurationName = Release;
		};
/* End XCConfigurationList section */
	};
	rootObject = E42614AC281FEA9000E5D7A8 /* Project object */;
}
